PODS:
  - yq_lame (10.0.0)
  - YQAudioTool (0.2.0):
    - yq_lame

DEPENDENCIES:
  - YQAudioTool (from `../`)

SPEC REPOS:
  https://github.com/CocoaPods/Specs.git:
    - yq_lame

EXTERNAL SOURCES:
  YQAudioTool:
    :path: "../"

SPEC CHECKSUMS:
  yq_lame: 8da863255427ace92a8245fd2ed2f4ff69e8b709
  YQAudioTool: d7b33153bc2bc9a2f7a5fc1abfe74dee4bc9d4ce

PODFILE CHECKSUM: 09586a3edc2c0973fee2b27978341a00ee311d97

COCOAPODS: 1.10.0
